
Microsoft Visual Studio Solution File, Format Version 12.00
# Visual Studio 2013
VisualStudioVersion = 12.0.21005.1
MinimumVisualStudioVersion = 10.0.40219.1
Project("{2150E333-8FDC-42A3-9474-1A3956D46DE8}") = "DotNetNuke 5.3", "DotNetNuke 5.3", "{66E78903-6D7F-40E8-9CDD-FC2CD765264A}"
EndProject
Project("{2150E333-8FDC-42A3-9474-1A3956D46DE8}") = "DotNetNuke 4.5.5-4.9.5", "DotNetNuke 4.5.5-4.9.5", "{B5787333-9B87-40EA-A26C-AFDF0F07A7CE}"
EndProject
Project("{2150E333-8FDC-42A3-9474-1A3956D46DE8}") = "DotNetNuke 6", "DotNetNuke 6", "{DDE034B3-6ED8-48C6-B80A-5ACE6AF1B943}"
EndProject
Project("{FAE04EC0-301F-11D3-BF4B-00C04F79EFBC}") = "WatchersNET.CKEditor - DNN53", "DNN 5.3\WatchersNET.CKEditor - DNN53.csproj", "{B1A3E03E-4A64-4E5E-A95C-ECE1B0A74486}"
	ProjectSection(ProjectDependencies) = postProject
		{AE7E021E-7C7B-4003-9BD6-5A04C781C277} = {AE7E021E-7C7B-4003-9BD6-5A04C781C277}
		{488A2DA7-817F-42DA-A3CD-8F50D1AE51AE} = {488A2DA7-817F-42DA-A3CD-8F50D1AE51AE}
	EndProjectSection
EndProject
Project("{FAE04EC0-301F-11D3-BF4B-00C04F79EFBC}") = "WatchersNET.CKEditor - DNN4", "DNN 4\WatchersNET.CKEditor - DNN4.csproj", "{95364E42-3AFD-4505-8396-147F5E496721}"
	ProjectSection(ProjectDependencies) = postProject
		{AE7E021E-7C7B-4003-9BD6-5A04C781C277} = {AE7E021E-7C7B-4003-9BD6-5A04C781C277}
		{B1A3E03E-4A64-4E5E-A95C-ECE1B0A74486} = {B1A3E03E-4A64-4E5E-A95C-ECE1B0A74486}
		{488A2DA7-817F-42DA-A3CD-8F50D1AE51AE} = {488A2DA7-817F-42DA-A3CD-8F50D1AE51AE}
	EndProjectSection
EndProject
Project("{FAE04EC0-301F-11D3-BF4B-00C04F79EFBC}") = "WatchersNET.CKEditor - DNN6", "DNN 6\WatchersNET.CKEditor - DNN6.csproj", "{488A2DA7-817F-42DA-A3CD-8F50D1AE51AE}"
EndProject
Project("{2150E333-8FDC-42A3-9474-1A3956D46DE8}") = "DotNetNuke 7", "DotNetNuke 7", "{9EA2F6AC-913E-41BD-9A33-127E2F7B22FC}"
EndProject
Project("{FAE04EC0-301F-11D3-BF4B-00C04F79EFBC}") = "WatchersNET.CKEditor - DNN7", "DNN 7\WatchersNET.CKEditor - DNN7.csproj", "{AE7E021E-7C7B-4003-9BD6-5A04C781C277}"
EndProject
Project("{2150E333-8FDC-42A3-9474-1A3956D46DE8}") = "Solution Items", "Solution Items", "{56390B0B-DDEC-4A87-A81F-1504CCA1FA67}"
	ProjectSection(SolutionItems) = preProject
		WE-settings.xml = WE-settings.xml
	EndProjectSection
EndProject
Global
	GlobalSection(SolutionConfigurationPlatforms) = preSolution
		Debug|Any CPU = Debug|Any CPU
		Deploy|Any CPU = Deploy|Any CPU
		Release|Any CPU = Release|Any CPU
	EndGlobalSection
	GlobalSection(ProjectConfigurationPlatforms) = postSolution
		{B1A3E03E-4A64-4E5E-A95C-ECE1B0A74486}.Debug|Any CPU.ActiveCfg = Debug|Any CPU
		{B1A3E03E-4A64-4E5E-A95C-ECE1B0A74486}.Debug|Any CPU.Build.0 = Debug|Any CPU
		{B1A3E03E-4A64-4E5E-A95C-ECE1B0A74486}.Deploy|Any CPU.ActiveCfg = Deploy|Any CPU
		{B1A3E03E-4A64-4E5E-A95C-ECE1B0A74486}.Deploy|Any CPU.Build.0 = Deploy|Any CPU
		{B1A3E03E-4A64-4E5E-A95C-ECE1B0A74486}.Release|Any CPU.ActiveCfg = Release|Any CPU
		{B1A3E03E-4A64-4E5E-A95C-ECE1B0A74486}.Release|Any CPU.Build.0 = Release|Any CPU
		{95364E42-3AFD-4505-8396-147F5E496721}.Debug|Any CPU.ActiveCfg = Debug|Any CPU
		{95364E42-3AFD-4505-8396-147F5E496721}.Debug|Any CPU.Build.0 = Debug|Any CPU
		{95364E42-3AFD-4505-8396-147F5E496721}.Deploy|Any CPU.ActiveCfg = Deploy|Any CPU
		{95364E42-3AFD-4505-8396-147F5E496721}.Deploy|Any CPU.Build.0 = Deploy|Any CPU
		{95364E42-3AFD-4505-8396-147F5E496721}.Release|Any CPU.ActiveCfg = Release|Any CPU
		{95364E42-3AFD-4505-8396-147F5E496721}.Release|Any CPU.Build.0 = Release|Any CPU
		{488A2DA7-817F-42DA-A3CD-8F50D1AE51AE}.Debug|Any CPU.ActiveCfg = Debug|Any CPU
		{488A2DA7-817F-42DA-A3CD-8F50D1AE51AE}.Debug|Any CPU.Build.0 = Debug|Any CPU
		{488A2DA7-817F-42DA-A3CD-8F50D1AE51AE}.Deploy|Any CPU.ActiveCfg = Deploy|Any CPU
		{488A2DA7-817F-42DA-A3CD-8F50D1AE51AE}.Deploy|Any CPU.Build.0 = Deploy|Any CPU
		{488A2DA7-817F-42DA-A3CD-8F50D1AE51AE}.Release|Any CPU.ActiveCfg = Release|Any CPU
		{488A2DA7-817F-42DA-A3CD-8F50D1AE51AE}.Release|Any CPU.Build.0 = Release|Any CPU
		{AE7E021E-7C7B-4003-9BD6-5A04C781C277}.Debug|Any CPU.ActiveCfg = Debug|Any CPU
		{AE7E021E-7C7B-4003-9BD6-5A04C781C277}.Debug|Any CPU.Build.0 = Debug|Any CPU
		{AE7E021E-7C7B-4003-9BD6-5A04C781C277}.Deploy|Any CPU.ActiveCfg = Deploy|Any CPU
		{AE7E021E-7C7B-4003-9BD6-5A04C781C277}.Deploy|Any CPU.Build.0 = Deploy|Any CPU
		{AE7E021E-7C7B-4003-9BD6-5A04C781C277}.Release|Any CPU.ActiveCfg = Release|Any CPU
		{AE7E021E-7C7B-4003-9BD6-5A04C781C277}.Release|Any CPU.Build.0 = Release|Any CPU
	EndGlobalSection
	GlobalSection(SolutionProperties) = preSolution
		HideSolutionNode = FALSE
	EndGlobalSection
	GlobalSection(NestedProjects) = preSolution
		{B1A3E03E-4A64-4E5E-A95C-ECE1B0A74486} = {66E78903-6D7F-40E8-9CDD-FC2CD765264A}
		{95364E42-3AFD-4505-8396-147F5E496721} = {B5787333-9B87-40EA-A26C-AFDF0F07A7CE}
		{488A2DA7-817F-42DA-A3CD-8F50D1AE51AE} = {DDE034B3-6ED8-48C6-B80A-5ACE6AF1B943}
		{AE7E021E-7C7B-4003-9BD6-5A04C781C277} = {9EA2F6AC-913E-41BD-9A33-127E2F7B22FC}
	EndGlobalSection
EndGlobal
